
Microsoft Visual Studio Solution File, Format Version 11.00
# Visual Studio 2010
Project("{FAE04EC0-301F-11D3-BF4B-00C04F79EFBC}") = "CacheTest", "CacheTest\CacheTest.csproj", "{6F927561-6C97-44A3-BBEC-C98983E85FA0}"
EndProject
Project("{FAE04EC0-301F-11D3-BF4B-00C04F79EFBC}") = "Model", "Model\Model.csproj", "{F4BFB64F-3790-4FB9-8183-7802E19899CF}"
EndProject
Global
	GlobalSection(SolutionConfigurationPlatforms) = preSolution
		Debug|Any CPU = Debug|Any CPU
		Release|Any CPU = Release|Any CPU
	EndGlobalSection
	GlobalSection(ProjectConfigurationPlatforms) = postSolution
		{6F927561-6C97-44A3-BBEC-C98983E85FA0}.Debug|Any CPU.ActiveCfg = Debug|Any CPU
		{6F927561-6C97-44A3-BBEC-C98983E85FA0}.Debug|Any CPU.Build.0 = Debug|Any CPU
		{6F927561-6C97-44A3-BBEC-C98983E85FA0}.Release|Any CPU.ActiveCfg = Release|Any CPU
		{6F927561-6C97-44A3-BBEC-C98983E85FA0}.Release|Any CPU.Build.0 = Release|Any CPU
		{F4BFB64F-3790-4FB9-8183-7802E19899CF}.Debug|Any CPU.ActiveCfg = Debug|Any CPU
		{F4BFB64F-3790-4FB9-8183-7802E19899CF}.Debug|Any CPU.Build.0 = Debug|Any CPU
		{F4BFB64F-3790-4FB9-8183-7802E19899CF}.Release|Any CPU.ActiveCfg = Release|Any CPU
		{F4BFB64F-3790-4FB9-8183-7802E19899CF}.Release|Any CPU.Build.0 = Release|Any CPU
	EndGlobalSection
	GlobalSection(SolutionProperties) = preSolution
		HideSolutionNode = FALSE
	EndGlobalSection
EndGlobal
