
Microsoft Visual Studio Solution File, Format Version 10.00
# Visual Studio 2008
Project("{FAE04EC0-301F-11D3-BF4B-00C04F79EFBC}") = "ShallowAndDeepCopy", "ShallowAndDeepCopy\ShallowAndDeepCopy.csproj", "{6377DF4B-2023-4918-8B14-10B7F5D7B6D2}"
EndProject
Global
	GlobalSection(SolutionConfigurationPlatforms) = preSolution
		Debug|Any CPU = Debug|Any CPU
		Release|Any CPU = Release|Any CPU
	EndGlobalSection
	GlobalSection(ProjectConfigurationPlatforms) = postSolution
		{6377DF4B-2023-4918-8B14-10B7F5D7B6D2}.Debug|Any CPU.ActiveCfg = Debug|Any CPU
		{6377DF4B-2023-4918-8B14-10B7F5D7B6D2}.Debug|Any CPU.Build.0 = Debug|Any CPU
		{6377DF4B-2023-4918-8B14-10B7F5D7B6D2}.Release|Any CPU.ActiveCfg = Release|Any CPU
		{6377DF4B-2023-4918-8B14-10B7F5D7B6D2}.Release|Any CPU.Build.0 = Release|Any CPU
	EndGlobalSection
	GlobalSection(SolutionProperties) = preSolution
		HideSolutionNode = FALSE
	EndGlobalSection
EndGlobal
