
Microsoft Visual Studio Solution File, Format Version 11.00
# Visual Studio 2010
Project("{FAE04EC0-301F-11D3-BF4B-00C04F79EFBC}") = "Mvc3Application", "Mvc3Application\Mvc3Application.csproj", "{5395C1C5-5BCC-4DC1-A4C8-7AD3FB8F8313}"
EndProject
Project("{FAE04EC0-301F-11D3-BF4B-00C04F79EFBC}") = "Mvc3Application.Tests", "Mvc3Application.Tests\Mvc3Application.Tests.csproj", "{49A00285-1C4F-48B3-8009-B4DCEE3B1E4C}"
EndProject
Global
	GlobalSection(SolutionConfigurationPlatforms) = preSolution
		Debug|Any CPU = Debug|Any CPU
		Release|Any CPU = Release|Any CPU
	EndGlobalSection
	GlobalSection(ProjectConfigurationPlatforms) = postSolution
		{5395C1C5-5BCC-4DC1-A4C8-7AD3FB8F8313}.Debug|Any CPU.ActiveCfg = Debug|Any CPU
		{5395C1C5-5BCC-4DC1-A4C8-7AD3FB8F8313}.Debug|Any CPU.Build.0 = Debug|Any CPU
		{5395C1C5-5BCC-4DC1-A4C8-7AD3FB8F8313}.Release|Any CPU.ActiveCfg = Release|Any CPU
		{5395C1C5-5BCC-4DC1-A4C8-7AD3FB8F8313}.Release|Any CPU.Build.0 = Release|Any CPU
		{49A00285-1C4F-48B3-8009-B4DCEE3B1E4C}.Debug|Any CPU.ActiveCfg = Debug|Any CPU
		{49A00285-1C4F-48B3-8009-B4DCEE3B1E4C}.Debug|Any CPU.Build.0 = Debug|Any CPU
		{49A00285-1C4F-48B3-8009-B4DCEE3B1E4C}.Release|Any CPU.ActiveCfg = Release|Any CPU
		{49A00285-1C4F-48B3-8009-B4DCEE3B1E4C}.Release|Any CPU.Build.0 = Release|Any CPU
	EndGlobalSection
	GlobalSection(SolutionProperties) = preSolution
		HideSolutionNode = FALSE
	EndGlobalSection
EndGlobal
