
Microsoft Visual Studio Solution File, Format Version 10.00
# Visual Studio 2008
Project("{FAE04EC0-301F-11D3-BF4B-00C04F79EFBC}") = "PathTests", "PathTests\PathTests.csproj", "{DE5E1A42-778E-4D31-B100-970E4CE0E473}"
EndProject
Project("{E24C65DC-7377-472B-9ABA-BC803B73C61A}") = "WebSite1", "..\HelloWorldModule\WebSite1", "{1B8EBB42-630F-4A4B-B6E3-5ECEC4B3D1DC}"
	ProjectSection(WebsiteProperties) = preProject
		TargetFramework = "3.5"
		Debug.AspNetCompiler.VirtualPath = "/WebSite1"
		Debug.AspNetCompiler.PhysicalPath = "..\HelloWorldModule\WebSite1\"
		Debug.AspNetCompiler.TargetPath = "PrecompiledWeb\WebSite1\"
		Debug.AspNetCompiler.Updateable = "true"
		Debug.AspNetCompiler.ForceOverwrite = "true"
		Debug.AspNetCompiler.FixedNames = "false"
		Debug.AspNetCompiler.Debug = "True"
		Release.AspNetCompiler.VirtualPath = "/WebSite1"
		Release.AspNetCompiler.PhysicalPath = "..\HelloWorldModule\WebSite1\"
		Release.AspNetCompiler.TargetPath = "PrecompiledWeb\WebSite1\"
		Release.AspNetCompiler.Updateable = "true"
		Release.AspNetCompiler.ForceOverwrite = "true"
		Release.AspNetCompiler.FixedNames = "false"
		Release.AspNetCompiler.Debug = "False"
		VWDPort = "5212"
		DefaultWebSiteLanguage = "Visual C#"
	EndProjectSection
EndProject
Project("{FAE04EC0-301F-11D3-BF4B-00C04F79EFBC}") = "StreamWriterSamples", "StreamWriterSamples\StreamWriterSamples.csproj", "{C7380283-8E63-438B-96A5-CA30045B7295}"
EndProject
Global
	GlobalSection(SolutionConfigurationPlatforms) = preSolution
		Debug|Any CPU = Debug|Any CPU
		Release|Any CPU = Release|Any CPU
	EndGlobalSection
	GlobalSection(ProjectConfigurationPlatforms) = postSolution
		{DE5E1A42-778E-4D31-B100-970E4CE0E473}.Debug|Any CPU.ActiveCfg = Debug|Any CPU
		{DE5E1A42-778E-4D31-B100-970E4CE0E473}.Debug|Any CPU.Build.0 = Debug|Any CPU
		{DE5E1A42-778E-4D31-B100-970E4CE0E473}.Release|Any CPU.ActiveCfg = Release|Any CPU
		{DE5E1A42-778E-4D31-B100-970E4CE0E473}.Release|Any CPU.Build.0 = Release|Any CPU
		{1B8EBB42-630F-4A4B-B6E3-5ECEC4B3D1DC}.Debug|Any CPU.ActiveCfg = Debug|Any CPU
		{1B8EBB42-630F-4A4B-B6E3-5ECEC4B3D1DC}.Debug|Any CPU.Build.0 = Debug|Any CPU
		{1B8EBB42-630F-4A4B-B6E3-5ECEC4B3D1DC}.Release|Any CPU.ActiveCfg = Debug|Any CPU
		{1B8EBB42-630F-4A4B-B6E3-5ECEC4B3D1DC}.Release|Any CPU.Build.0 = Debug|Any CPU
		{C7380283-8E63-438B-96A5-CA30045B7295}.Debug|Any CPU.ActiveCfg = Debug|Any CPU
		{C7380283-8E63-438B-96A5-CA30045B7295}.Debug|Any CPU.Build.0 = Debug|Any CPU
		{C7380283-8E63-438B-96A5-CA30045B7295}.Release|Any CPU.ActiveCfg = Release|Any CPU
		{C7380283-8E63-438B-96A5-CA30045B7295}.Release|Any CPU.Build.0 = Release|Any CPU
	EndGlobalSection
	GlobalSection(SolutionProperties) = preSolution
		HideSolutionNode = FALSE
	EndGlobalSection
EndGlobal
