
Microsoft Visual Studio Solution File, Format Version 10.00
# Visual Studio 2008
Project("{FAE04EC0-301F-11D3-BF4B-00C04F79EFBC}") = "AsyncProgramming", "AsyncProgramming\AsyncProgramming.csproj", "{2879E980-010E-49D9-A109-73D8F228B4C3}"
EndProject
Global
	GlobalSection(SolutionConfigurationPlatforms) = preSolution
		Debug|Any CPU = Debug|Any CPU
		Release|Any CPU = Release|Any CPU
	EndGlobalSection
	GlobalSection(ProjectConfigurationPlatforms) = postSolution
		{2879E980-010E-49D9-A109-73D8F228B4C3}.Debug|Any CPU.ActiveCfg = Debug|Any CPU
		{2879E980-010E-49D9-A109-73D8F228B4C3}.Debug|Any CPU.Build.0 = Debug|Any CPU
		{2879E980-010E-49D9-A109-73D8F228B4C3}.Release|Any CPU.ActiveCfg = Release|Any CPU
		{2879E980-010E-49D9-A109-73D8F228B4C3}.Release|Any CPU.Build.0 = Release|Any CPU
	EndGlobalSection
	GlobalSection(SolutionProperties) = preSolution
		HideSolutionNode = FALSE
	EndGlobalSection
EndGlobal
