
Microsoft Visual Studio Solution File, Format Version 10.00
# Visual Studio 2008
Project("{FAE04EC0-301F-11D3-BF4B-00C04F79EFBC}") = "SpecialCharLength", "SpecialCharLength\SpecialCharLength.csproj", "{33A769FE-17F0-4FF4-B2C8-59DB54EB1804}"
EndProject
Global
	GlobalSection(SolutionConfigurationPlatforms) = preSolution
		Debug|Any CPU = Debug|Any CPU
		Release|Any CPU = Release|Any CPU
	EndGlobalSection
	GlobalSection(ProjectConfigurationPlatforms) = postSolution
		{33A769FE-17F0-4FF4-B2C8-59DB54EB1804}.Debug|Any CPU.ActiveCfg = Debug|Any CPU
		{33A769FE-17F0-4FF4-B2C8-59DB54EB1804}.Debug|Any CPU.Build.0 = Debug|Any CPU
		{33A769FE-17F0-4FF4-B2C8-59DB54EB1804}.Release|Any CPU.ActiveCfg = Release|Any CPU
		{33A769FE-17F0-4FF4-B2C8-59DB54EB1804}.Release|Any CPU.Build.0 = Release|Any CPU
	EndGlobalSection
	GlobalSection(SolutionProperties) = preSolution
		HideSolutionNode = FALSE
	EndGlobalSection
EndGlobal
