
Microsoft Visual Studio Solution File, Format Version 11.00
# Visual Studio 2010
Project("{FAE04EC0-301F-11D3-BF4B-00C04F79EFBC}") = "TraceSample", "TraceSample\TraceSample.csproj", "{FDC899AB-54E8-404A-8B45-26D2FDBDD874}"
EndProject
Project("{FAE04EC0-301F-11D3-BF4B-00C04F79EFBC}") = "TraceSourceSample", "TraceSourceSample\TraceSourceSample.csproj", "{EA789EEC-27F0-41FB-9F05-0E3A966B6918}"
EndProject
Global
	GlobalSection(SolutionConfigurationPlatforms) = preSolution
		Debug|x86 = Debug|x86
		Release|x86 = Release|x86
	EndGlobalSection
	GlobalSection(ProjectConfigurationPlatforms) = postSolution
		{FDC899AB-54E8-404A-8B45-26D2FDBDD874}.Debug|x86.ActiveCfg = Debug|x86
		{FDC899AB-54E8-404A-8B45-26D2FDBDD874}.Debug|x86.Build.0 = Debug|x86
		{FDC899AB-54E8-404A-8B45-26D2FDBDD874}.Release|x86.ActiveCfg = Release|x86
		{FDC899AB-54E8-404A-8B45-26D2FDBDD874}.Release|x86.Build.0 = Release|x86
		{EA789EEC-27F0-41FB-9F05-0E3A966B6918}.Debug|x86.ActiveCfg = Debug|x86
		{EA789EEC-27F0-41FB-9F05-0E3A966B6918}.Debug|x86.Build.0 = Debug|x86
		{EA789EEC-27F0-41FB-9F05-0E3A966B6918}.Release|x86.ActiveCfg = Release|x86
		{EA789EEC-27F0-41FB-9F05-0E3A966B6918}.Release|x86.Build.0 = Release|x86
	EndGlobalSection
	GlobalSection(SolutionProperties) = preSolution
		HideSolutionNode = FALSE
	EndGlobalSection
EndGlobal
