
Microsoft Visual Studio Solution File, Format Version 10.00
# Visual Studio 2008
Project("{FAE04EC0-301F-11D3-BF4B-00C04F79EFBC}") = "TestOperator", "TestOperator\TestOperator.csproj", "{89B47BFA-6E0F-4DA8-9E44-EEA33626273D}"
EndProject
Global
	GlobalSection(SolutionConfigurationPlatforms) = preSolution
		Debug|Any CPU = Debug|Any CPU
		Release|Any CPU = Release|Any CPU
	EndGlobalSection
	GlobalSection(ProjectConfigurationPlatforms) = postSolution
		{89B47BFA-6E0F-4DA8-9E44-EEA33626273D}.Debug|Any CPU.ActiveCfg = Debug|Any CPU
		{89B47BFA-6E0F-4DA8-9E44-EEA33626273D}.Debug|Any CPU.Build.0 = Debug|Any CPU
		{89B47BFA-6E0F-4DA8-9E44-EEA33626273D}.Release|Any CPU.ActiveCfg = Release|Any CPU
		{89B47BFA-6E0F-4DA8-9E44-EEA33626273D}.Release|Any CPU.Build.0 = Release|Any CPU
	EndGlobalSection
	GlobalSection(SolutionProperties) = preSolution
		HideSolutionNode = FALSE
	EndGlobalSection
EndGlobal
